PODS:
  - desktop_webview_auth (0.0.1):
    - Flutter
  - Firebase/Auth (10.15.0):
    - Firebase/CoreOnly
    - FirebaseAuth (~> 10.15.0)
  - Firebase/CoreOnly (10.15.0):
    - FirebaseCore (= 10.15.0)
  - Firebase/DynamicLinks (10.15.0):
    - Firebase/CoreOnly
    - FirebaseDynamicLinks (~> 10.15.0)
  - firebase_auth (4.10.0):
    - Firebase/Auth (= 10.15.0)
    - firebase_core
    - Flutter
  - firebase_core (2.16.0):
    - Firebase/CoreOnly (= 10.15.0)
    - Flutter
  - firebase_dynamic_links (5.3.6):
    - Firebase/DynamicLinks (= 10.15.0)
    - firebase_core
    - Flutter
  - FirebaseAppCheckInterop (10.15.0)
  - FirebaseAuth (10.15.0):
    - FirebaseAppCheckInterop (~> 10.0)
    - FirebaseCore (~> 10.0)
    - GoogleUtilities/AppDelegateSwizzler (~> 7.8)
    - GoogleUtilities/Environment (~> 7.8)
    - GTMSessionFetcher/Core (< 4.0, >= 2.1)
    - RecaptchaInterop (~> 100.0)
  - FirebaseCore (10.15.0):
    - FirebaseCoreInternal (~> 10.0)
    - GoogleUtilities/Environment (~> 7.8)
    - GoogleUtilities/Logger (~> 7.8)
  - FirebaseCoreInternal (10.15.0):
    - "GoogleUtilities/NSData+zlib (~> 7.8)"
  - FirebaseDynamicLinks (10.15.0):
    - FirebaseCore (~> 10.0)
  - Flutter (1.0.0)
  - flutter_secure_storage (6.0.0):
    - Flutter
  - GoogleUtilities/AppDelegateSwizzler (7.11.5):
    - GoogleUtilities/Environment
    - GoogleUtilities/Logger
    - GoogleUtilities/Network
  - GoogleUtilities/Environment (7.11.5):
    - PromisesObjC (< 3.0, >= 1.2)
  - GoogleUtilities/Logger (7.11.5):
    - GoogleUtilities/Environment
  - GoogleUtilities/Network (7.11.5):
    - GoogleUtilities/Logger
    - "GoogleUtilities/NSData+zlib"
    - GoogleUtilities/Reachability
  - "GoogleUtilities/NSData+zlib (7.11.5)"
  - GoogleUtilities/Reachability (7.11.5):
    - GoogleUtilities/Logger
  - GTMSessionFetcher/Core (2.3.0)
  - justpass-me (0.1.4)
  - justpassme_flutter (0.0.1):
    - Flutter
    - justpass-me (>= 0.1.4)
  - PromisesObjC (2.3.1)
  - RecaptchaInterop (100.0.0)

DEPENDENCIES:
  - desktop_webview_auth (from `.symlinks/plugins/desktop_webview_auth/ios`)
  - firebase_auth (from `.symlinks/plugins/firebase_auth/ios`)
  - firebase_core (from `.symlinks/plugins/firebase_core/ios`)
  - firebase_dynamic_links (from `.symlinks/plugins/firebase_dynamic_links/ios`)
  - Flutter (from `Flutter`)
  - flutter_secure_storage (from `.symlinks/plugins/flutter_secure_storage/ios`)
  - justpassme_flutter (from `.symlinks/plugins/justpassme_flutter/ios`)

SPEC REPOS:
  trunk:
    - Firebase
    - FirebaseAppCheckInterop
    - FirebaseAuth
    - FirebaseCore
    - FirebaseCoreInternal
    - FirebaseDynamicLinks
    - GoogleUtilities
    - GTMSessionFetcher
    - justpass-me
    - PromisesObjC
    - RecaptchaInterop

EXTERNAL SOURCES:
  desktop_webview_auth:
    :path: ".symlinks/plugins/desktop_webview_auth/ios"
  firebase_auth:
    :path: ".symlinks/plugins/firebase_auth/ios"
  firebase_core:
    :path: ".symlinks/plugins/firebase_core/ios"
  firebase_dynamic_links:
    :path: ".symlinks/plugins/firebase_dynamic_links/ios"
  Flutter:
    :path: Flutter
  flutter_secure_storage:
    :path: ".symlinks/plugins/flutter_secure_storage/ios"
  justpassme_flutter:
    :path: ".symlinks/plugins/justpassme_flutter/ios"

SPEC CHECKSUMS:
  desktop_webview_auth: d645139460ef203d50bd0cdb33356785dd939cce
  Firebase: 66043bd4579e5b73811f96829c694c7af8d67435
  firebase_auth: ca31bca59224dc727ea0df7f066f30158a8acc3b
  firebase_core: 77172d0a9d8d19d07606e24406e4c2fc14d3265b
  firebase_dynamic_links: 27625ac999a9353d6e323c07db85c3b55c5c6839
  FirebaseAppCheckInterop: a8c555b1c2db1d9445e6c3a08a848167ddb7eb51
  FirebaseAuth: a55ec5f7f8a5b1c2dd750235c1bb419bfb642445
  FirebaseCore: 2cec518b43635f96afe7ac3a9c513e47558abd2e
  FirebaseCoreInternal: 2f4bee5ed00301b5e56da0849268797a2dd31fb4
  FirebaseDynamicLinks: 206d4ed3efd2b722822598017f3980d9fda89815
  Flutter: f04841e97a9d0b0a8025694d0796dd46242b2854
  flutter_secure_storage: 23fc622d89d073675f2eaa109381aefbcf5a49be
  GoogleUtilities: 13e2c67ede716b8741c7989e26893d151b2b2084
  GTMSessionFetcher: 3a63d75eecd6aa32c2fc79f578064e1214dfdec2
  justpass-me: a5bf9f4f82fba041da62d404ec0ac388ab4a7bc4
  justpassme_flutter: ccd8830f6357f00e76d211f51908b76e4682a4ed
  PromisesObjC: c50d2056b5253dadbd6c2bea79b0674bd5a52fa4
  RecaptchaInterop: 7d1a4a01a6b2cb1610a47ef3f85f0c411434cb21

PODFILE CHECKSUM: 1f634a18643bc8f74f66ad61dc1d74e73334259e

COCOAPODS: 1.13.0
